
Microsoft Visual Studio Solution File, Format Version 12.00
# Visual Studio Version 17
VisualStudioVersion = 17.10.35027.167
MinimumVisualStudioVersion = 10.0.40219.1
Project("{FAE04EC0-301F-11D3-BF4B-00C04F79EFBC}") = "Decorator", "Decorator.csproj", "{75331D4B-6E33-4D99-A866-77DAE1635FD5}"
EndProject
Global
	GlobalSection(SolutionConfigurationPlatforms) = preSolution
		Debug|Any CPU = Debug|Any CPU
		Release|Any CPU = Release|Any CPU
	EndGlobalSection
	GlobalSection(ProjectConfigurationPlatforms) = postSolution
		{75331D4B-6E33-4D99-A866-77DAE1635FD5}.Debug|Any CPU.ActiveCfg = Debug|Any CPU
		{75331D4B-6E33-4D99-A866-77DAE1635FD5}.Debug|Any CPU.Build.0 = Debug|Any CPU
		{75331D4B-6E33-4D99-A866-77DAE1635FD5}.Release|Any CPU.ActiveCfg = Release|Any CPU
		{75331D4B-6E33-4D99-A866-77DAE1635FD5}.Release|Any CPU.Build.0 = Release|Any CPU
	EndGlobalSection
	GlobalSection(SolutionProperties) = preSolution
		HideSolutionNode = FALSE
	EndGlobalSection
	GlobalSection(ExtensibilityGlobals) = postSolution
		SolutionGuid = {2A47BC77-D223-4891-845F-8E0A6557245B}
	EndGlobalSection
EndGlobal
