
Microsoft Visual Studio Solution File, Format Version 12.00
# Visual Studio Version 17
VisualStudioVersion = 17.10.35027.167
MinimumVisualStudioVersion = 10.0.40219.1
Project("{FAE04EC0-301F-11D3-BF4B-00C04F79EFBC}") = "Builder", "Builder.csproj", "{6BF2D8A4-89AF-49A5-8A58-F35174803C93}"
EndProject
Global
	GlobalSection(SolutionConfigurationPlatforms) = preSolution
		Debug|Any CPU = Debug|Any CPU
		Release|Any CPU = Release|Any CPU
	EndGlobalSection
	GlobalSection(ProjectConfigurationPlatforms) = postSolution
		{6BF2D8A4-89AF-49A5-8A58-F35174803C93}.Debug|Any CPU.ActiveCfg = Debug|Any CPU
		{6BF2D8A4-89AF-49A5-8A58-F35174803C93}.Debug|Any CPU.Build.0 = Debug|Any CPU
		{6BF2D8A4-89AF-49A5-8A58-F35174803C93}.Release|Any CPU.ActiveCfg = Release|Any CPU
		{6BF2D8A4-89AF-49A5-8A58-F35174803C93}.Release|Any CPU.Build.0 = Release|Any CPU
	EndGlobalSection
	GlobalSection(SolutionProperties) = preSolution
		HideSolutionNode = FALSE
	EndGlobalSection
	GlobalSection(ExtensibilityGlobals) = postSolution
		SolutionGuid = {02F6422B-CFC2-43A8-90BF-0DE0FF136D1E}
	EndGlobalSection
EndGlobal
